
Microsoft Visual Studio Solution File, Format Version 12.00
# Visual Studio Version 16
VisualStudioVersion = 16.0.31424.327
MinimumVisualStudioVersion = 10.0.40219.1
Project("{FAE04EC0-301F-11D3-BF4B-00C04F79EFBC}") = "shLog", "shLog\shLog.csproj", "{A389EE5B-598D-46E6-9E57-DCE68A65358E}"
EndProject
Global
	GlobalSection(SolutionConfigurationPlatforms) = preSolution
		Debug|Any CPU = Debug|Any CPU
		Release|Any CPU = Release|Any CPU
	EndGlobalSection
	GlobalSection(ProjectConfigurationPlatforms) = postSolution
		{A389EE5B-598D-46E6-9E57-DCE68A65358E}.Debug|Any CPU.ActiveCfg = Debug|Any CPU
		{A389EE5B-598D-46E6-9E57-DCE68A65358E}.Debug|Any CPU.Build.0 = Debug|Any CPU
		{A389EE5B-598D-46E6-9E57-DCE68A65358E}.Release|Any CPU.ActiveCfg = Release|Any CPU
		{A389EE5B-598D-46E6-9E57-DCE68A65358E}.Release|Any CPU.Build.0 = Release|Any CPU
	EndGlobalSection
	GlobalSection(SolutionProperties) = preSolution
		HideSolutionNode = FALSE
	EndGlobalSection
	GlobalSection(ExtensibilityGlobals) = postSolution
		SolutionGuid = {A2832F83-4CAE-4149-9A6E-D70A20CC8D4E}
	EndGlobalSection
EndGlobal
